// !$*UTF8*$!
{
	archiveVersion = 1;
	classes = {
	};
	objectVersion = 46;
	objects = {

/* Begin PBXBuildFile section */
		76121C11F520387BD6BF2C97 /* Pods_ShadowsocksX_NG.framework in Frameworks */ = {isa = PBXBuildFile; fileRef = 95E4CE076694F83C2393B7BB /* Pods_ShadowsocksX_NG.framework */; };
		9B0B00041D0460A70040E62B /* ShadowsocksX_NGUITests.swift in Sources */ = {isa = PBXBuildFile; fileRef = 9B0B00031D0460A70040E62B /* ShadowsocksX_NGUITests.swift */; };
		9B0BFFE91D0460A70040E62B /* AppDelegate.swift in Sources */ = {isa = PBXBuildFile; fileRef = 9B0BFFE81D0460A70040E62B /* AppDelegate.swift */; };
		9B0BFFEB1D0460A70040E62B /* Assets.xcassets in Resources */ = {isa = PBXBuildFile; fileRef = 9B0BFFEA1D0460A70040E62B /* Assets.xcassets */; };
		9B0BFFEE1D0460A70040E62B /* MainMenu.xib in Resources */ = {isa = PBXBuildFile; fileRef = 9B0BFFEC1D0460A70040E62B /* MainMenu.xib */; };
		9B0BFFF91D0460A70040E62B /* ShadowsocksX_NGTests.swift in Sources */ = {isa = PBXBuildFile; fileRef = 9B0BFFF81D0460A70040E62B /* ShadowsocksX_NGTests.swift */; };
		AAFD5F62F3949BC81A97B44E /* Pods_ShadowsocksX_NGTests.framework in Frameworks */ = {isa = PBXBuildFile; fileRef = D02083DA9F3BEE482F04AEC7 /* Pods_ShadowsocksX_NGTests.framework */; };
		DE140E8B585E15C4D2F5248C /* Pods_ShadowsocksX_NGUITests.framework in Frameworks */ = {isa = PBXBuildFile; fileRef = 65F1C2CBF4BCDA500FBC8809 /* Pods_ShadowsocksX_NGUITests.framework */; };
/* End PBXBuildFile section */

/* Begin PBXContainerItemProxy section */
		9B0B00001D0460A70040E62B /* PBXContainerItemProxy */ = {
			isa = PBXContainerItemProxy;
			containerPortal = 9B0BFFDD1D0460A70040E62B /* Project object */;
			proxyType = 1;
			remoteGlobalIDString = 9B0BFFE41D0460A70040E62B;
			remoteInfo = "ShadowsocksX-NG";
		};
		9B0BFFF51D0460A70040E62B /* PBXContainerItemProxy */ = {
			isa = PBXContainerItemProxy;
			containerPortal = 9B0BFFDD1D0460A70040E62B /* Project object */;
			proxyType = 1;
			remoteGlobalIDString = 9B0BFFE41D0460A70040E62B;
			remoteInfo = "ShadowsocksX-NG";
		};
/* End PBXContainerItemProxy section */

/* Begin PBXFileReference section */
		49F0921F7C43C63C42269DE5 /* Pods-ShadowsocksX-NGUITests.debug.xcconfig */ = {isa = PBXFileReference; includeInIndex = 1; lastKnownFileType = text.xcconfig; name = "Pods-ShadowsocksX-NGUITests.debug.xcconfig"; path = "Pods/Target Support Files/Pods-ShadowsocksX-NGUITests/Pods-ShadowsocksX-NGUITests.debug.xcconfig"; sourceTree = "<group>"; };
		4F6E39487290937F86D0D9E7 /* Pods-ShadowsocksX-NGTests.debug.xcconfig */ = {isa = PBXFileReference; includeInIndex = 1; lastKnownFileType = text.xcconfig; name = "Pods-ShadowsocksX-NGTests.debug.xcconfig"; path = "Pods/Target Support Files/Pods-ShadowsocksX-NGTests/Pods-ShadowsocksX-NGTests.debug.xcconfig"; sourceTree = "<group>"; };
		65F1C2CBF4BCDA500FBC8809 /* Pods_ShadowsocksX_NGUITests.framework */ = {isa = PBXFileReference; explicitFileType = wrapper.framework; includeInIndex = 0; path = Pods_ShadowsocksX_NGUITests.framework; sourceTree = BUILT_PRODUCTS_DIR; };
		7B55216AFB1360F8A3350851 /* Pods-ShadowsocksX-NGTests.release.xcconfig */ = {isa = PBXFileReference; includeInIndex = 1; lastKnownFileType = text.xcconfig; name = "Pods-ShadowsocksX-NGTests.release.xcconfig"; path = "Pods/Target Support Files/Pods-ShadowsocksX-NGTests/Pods-ShadowsocksX-NGTests.release.xcconfig"; sourceTree = "<group>"; };
		8D7030FC9F7CF176483A4948 /* Pods-ShadowsocksX-NG.debug.xcconfig */ = {isa = PBXFileReference; includeInIndex = 1; lastKnownFileType = text.xcconfig; name = "Pods-ShadowsocksX-NG.debug.xcconfig"; path = "Pods/Target Support Files/Pods-ShadowsocksX-NG/Pods-ShadowsocksX-NG.debug.xcconfig"; sourceTree = "<group>"; };
		95E4CE076694F83C2393B7BB /* Pods_ShadowsocksX_NG.framework */ = {isa = PBXFileReference; explicitFileType = wrapper.framework; includeInIndex = 0; path = Pods_ShadowsocksX_NG.framework; sourceTree = BUILT_PRODUCTS_DIR; };
		9B0B00031D0460A70040E62B /* ShadowsocksX_NGUITests.swift */ = {isa = PBXFileReference; lastKnownFileType = sourcecode.swift; path = ShadowsocksX_NGUITests.swift; sourceTree = "<group>"; };
		9B0B00051D0460A70040E62B /* Info.plist */ = {isa = PBXFileReference; lastKnownFileType = text.plist.xml; path = Info.plist; sourceTree = "<group>"; };
		9B0BFFE51D0460A70040E62B /* ShadowsocksX-NG.app */ = {isa = PBXFileReference; explicitFileType = wrapper.application; includeInIndex = 0; path = "ShadowsocksX-NG.app"; sourceTree = BUILT_PRODUCTS_DIR; };
		9B0BFFE81D0460A70040E62B /* AppDelegate.swift */ = {isa = PBXFileReference; lastKnownFileType = sourcecode.swift; path = AppDelegate.swift; sourceTree = "<group>"; };
		9B0BFFEA1D0460A70040E62B /* Assets.xcassets */ = {isa = PBXFileReference; lastKnownFileType = folder.assetcatalog; path = Assets.xcassets; sourceTree = "<group>"; };
		9B0BFFED1D0460A70040E62B /* Base */ = {isa = PBXFileReference; lastKnownFileType = file.xib; name = Base; path = Base.lproj/MainMenu.xib; sourceTree = "<group>"; };
		9B0BFFEF1D0460A70040E62B /* Info.plist */ = {isa = PBXFileReference; lastKnownFileType = text.plist.xml; path = Info.plist; sourceTree = "<group>"; };
		9B0BFFF41D0460A70040E62B /* ShadowsocksX-NGTests.xctest */ = {isa = PBXFileReference; explicitFileType = wrapper.cfbundle; includeInIndex = 0; path = "ShadowsocksX-NGTests.xctest"; sourceTree = BUILT_PRODUCTS_DIR; };
		9B0BFFF81D0460A70040E62B /* ShadowsocksX_NGTests.swift */ = {isa = PBXFileReference; lastKnownFileType = sourcecode.swift; path = ShadowsocksX_NGTests.swift; sourceTree = "<group>"; };
		9B0BFFFA1D0460A70040E62B /* Info.plist */ = {isa = PBXFileReference; lastKnownFileType = text.plist.xml; path = Info.plist; sourceTree = "<group>"; };
		9B0BFFFF1D0460A70040E62B /* ShadowsocksX-NGUITests.xctest */ = {isa = PBXFileReference; explicitFileType = wrapper.cfbundle; includeInIndex = 0; path = "ShadowsocksX-NGUITests.xctest"; sourceTree = BUILT_PRODUCTS_DIR; };
		D02083DA9F3BEE482F04AEC7 /* Pods_ShadowsocksX_NGTests.framework */ = {isa = PBXFileReference; explicitFileType = wrapper.framework; includeInIndex = 0; path = Pods_ShadowsocksX_NGTests.framework; sourceTree = BUILT_PRODUCTS_DIR; };
		D6F9D25AB11B3CD45B042C27 /* Pods-ShadowsocksX-NG.release.xcconfig */ = {isa = PBXFileReference; includeInIndex = 1; lastKnownFileType = text.xcconfig; name = "Pods-ShadowsocksX-NG.release.xcconfig"; path = "Pods/Target Support Files/Pods-ShadowsocksX-NG/Pods-ShadowsocksX-NG.release.xcconfig"; sourceTree = "<group>"; };
		F3CE0E3A139CAFC84CD294DB /* Pods-ShadowsocksX-NGUITests.release.xcconfig */ = {isa = PBXFileReference; includeInIndex = 1; lastKnownFileType = text.xcconfig; name = "Pods-ShadowsocksX-NGUITests.release.xcconfig"; path = "Pods/Target Support Files/Pods-ShadowsocksX-NGUITests/Pods-ShadowsocksX-NGUITests.release.xcconfig"; sourceTree = "<group>"; };
/* End PBXFileReference section */

/* Begin PBXFrameworksBuildPhase section */
		9B0BFFE21D0460A70040E62B /* Frameworks */ = {
			isa = PBXFrameworksBuildPhase;
			buildActionMask = 2147483647;
			files = (
				76121C11F520387BD6BF2C97 /* Pods_ShadowsocksX_NG.framework in Frameworks */,
			);
			runOnlyForDeploymentPostprocessing = 0;
		};
		9B0BFFF11D0460A70040E62B /* Frameworks */ = {
			isa = PBXFrameworksBuildPhase;
			buildActionMask = 2147483647;
			files = (
				AAFD5F62F3949BC81A97B44E /* Pods_ShadowsocksX_NGTests.framework in Frameworks */,
			);
			runOnlyForDeploymentPostprocessing = 0;
		};
		9B0BFFFC1D0460A70040E62B /* Frameworks */ = {
			isa = PBXFrameworksBuildPhase;
			buildActionMask = 2147483647;
			files = (
				DE140E8B585E15C4D2F5248C /* Pods_ShadowsocksX_NGUITests.framework in Frameworks */,
			);
			runOnlyForDeploymentPostprocessing = 0;
		};
/* End PBXFrameworksBuildPhase section */

/* Begin PBXGroup section */
		586F4AE55BFA3A18ADE9A2D1 /* Frameworks */ = {
			isa = PBXGroup;
			children = (
				95E4CE076694F83C2393B7BB /* Pods_ShadowsocksX_NG.framework */,
				D02083DA9F3BEE482F04AEC7 /* Pods_ShadowsocksX_NGTests.framework */,
				65F1C2CBF4BCDA500FBC8809 /* Pods_ShadowsocksX_NGUITests.framework */,
			);
			name = Frameworks;
			sourceTree = "<group>";
		};
		876CB67CA5FAB75694DBB9AA /* Pods */ = {
			isa = PBXGroup;
			children = (
				8D7030FC9F7CF176483A4948 /* Pods-ShadowsocksX-NG.debug.xcconfig */,
				D6F9D25AB11B3CD45B042C27 /* Pods-ShadowsocksX-NG.release.xcconfig */,
				4F6E39487290937F86D0D9E7 /* Pods-ShadowsocksX-NGTests.debug.xcconfig */,
				7B55216AFB1360F8A3350851 /* Pods-ShadowsocksX-NGTests.release.xcconfig */,
				49F0921F7C43C63C42269DE5 /* Pods-ShadowsocksX-NGUITests.debug.xcconfig */,
				F3CE0E3A139CAFC84CD294DB /* Pods-ShadowsocksX-NGUITests.release.xcconfig */,
			);
			name = Pods;
			sourceTree = "<group>";
		};
		9B0B00021D0460A70040E62B /* ShadowsocksX-NGUITests */ = {
			isa = PBXGroup;
			children = (
				9B0B00031D0460A70040E62B /* ShadowsocksX_NGUITests.swift */,
				9B0B00051D0460A70040E62B /* Info.plist */,
			);
			path = "ShadowsocksX-NGUITests";
			sourceTree = "<group>";
		};
		9B0BFFDC1D0460A70040E62B = {
			isa = PBXGroup;
			children = (
				9B0BFFE71D0460A70040E62B /* ShadowsocksX-NG */,
				9B0BFFF71D0460A70040E62B /* ShadowsocksX-NGTests */,
				9B0B00021D0460A70040E62B /* ShadowsocksX-NGUITests */,
				9B0BFFE61D0460A70040E62B /* Products */,
				876CB67CA5FAB75694DBB9AA /* Pods */,
				586F4AE55BFA3A18ADE9A2D1 /* Frameworks */,
			);
			sourceTree = "<group>";
		};
		9B0BFFE61D0460A70040E62B /* Products */ = {
			isa = PBXGroup;
			children = (
				9B0BFFE51D0460A70040E62B /* ShadowsocksX-NG.app */,
				9B0BFFF41D0460A70040E62B /* ShadowsocksX-NGTests.xctest */,
				9B0BFFFF1D0460A70040E62B /* ShadowsocksX-NGUITests.xctest */,
			);
			name = Products;
			sourceTree = "<group>";
		};
		9B0BFFE71D0460A70040E62B /* ShadowsocksX-NG */ = {
			isa = PBXGroup;
			children = (
				9B0BFFE81D0460A70040E62B /* AppDelegate.swift */,
				9B0BFFEA1D0460A70040E62B /* Assets.xcassets */,
				9B0BFFEC1D0460A70040E62B /* MainMenu.xib */,
				9B0BFFEF1D0460A70040E62B /* Info.plist */,
			);
			path = "ShadowsocksX-NG";
			sourceTree = "<group>";
		};
		9B0BFFF71D0460A70040E62B /* ShadowsocksX-NGTests */ = {
			isa = PBXGroup;
			children = (
				9B0BFFF81D0460A70040E62B /* ShadowsocksX_NGTests.swift */,
				9B0BFFFA1D0460A70040E62B /* Info.plist */,
			);
			path = "ShadowsocksX-NGTests";
			sourceTree = "<group>";
		};
/* End PBXGroup section */

/* Begin PBXNativeTarget section */
		9B0BFFE41D0460A70040E62B /* ShadowsocksX-NG */ = {
			isa = PBXNativeTarget;
			buildConfigurationList = 9B0B00081D0460A70040E62B /* Build configuration list for PBXNativeTarget "ShadowsocksX-NG" */;
			buildPhases = (
				D7E37B2F5C9A66B9C4DF253D /* 📦 Check Pods Manifest.lock */,
				9B0BFFE11D0460A70040E62B /* Sources */,
				9B0BFFE21D0460A70040E62B /* Frameworks */,
				9B0BFFE31D0460A70040E62B /* Resources */,
				7FF4F2DF8F8F824631D7167F /* 📦 Embed Pods Frameworks */,
				A18AD12DD79B7211A43DCE2B /* 📦 Copy Pods Resources */,
			);
			buildRules = (
			);
			dependencies = (
			);
			name = "ShadowsocksX-NG";
			productName = "ShadowsocksX-NG";
			productReference = 9B0BFFE51D0460A70040E62B /* ShadowsocksX-NG.app */;
			productType = "com.apple.product-type.application";
		};
		9B0BFFF31D0460A70040E62B /* ShadowsocksX-NGTests */ = {
			isa = PBXNativeTarget;
			buildConfigurationList = 9B0B000B1D0460A70040E62B /* Build configuration list for PBXNativeTarget "ShadowsocksX-NGTests" */;
			buildPhases = (
				137D62266340C8851C4A2D14 /* 📦 Check Pods Manifest.lock */,
				9B0BFFF01D0460A70040E62B /* Sources */,
				9B0BFFF11D0460A70040E62B /* Frameworks */,
				9B0BFFF21D0460A70040E62B /* Resources */,
				3F447C40281F7091F03306F5 /* 📦 Embed Pods Frameworks */,
				28EF4B983817531185324389 /* 📦 Copy Pods Resources */,
			);
			buildRules = (
			);
			dependencies = (
				9B0BFFF61D0460A70040E62B /* PBXTargetDependency */,
			);
			name = "ShadowsocksX-NGTests";
			productName = "ShadowsocksX-NGTests";
			productReference = 9B0BFFF41D0460A70040E62B /* ShadowsocksX-NGTests.xctest */;
			productType = "com.apple.product-type.bundle.unit-test";
		};
		9B0BFFFE1D0460A70040E62B /* ShadowsocksX-NGUITests */ = {
			isa = PBXNativeTarget;
			buildConfigurationList = 9B0B000E1D0460A70040E62B /* Build configuration list for PBXNativeTarget "ShadowsocksX-NGUITests" */;
			buildPhases = (
				472AAADF26782765A34D8BB9 /* 📦 Check Pods Manifest.lock */,
				9B0BFFFB1D0460A70040E62B /* Sources */,
				9B0BFFFC1D0460A70040E62B /* Frameworks */,
				9B0BFFFD1D0460A70040E62B /* Resources */,
				9D7107D6D9CED119F37AB1B4 /* 📦 Copy Pods Resources */,
			);
			buildRules = (
			);
			dependencies = (
				9B0B00011D0460A70040E62B /* PBXTargetDependency */,
			);
			name = "ShadowsocksX-NGUITests";
			productName = "ShadowsocksX-NGUITests";
			productReference = 9B0BFFFF1D0460A70040E62B /* ShadowsocksX-NGUITests.xctest */;
			productType = "com.apple.product-type.bundle.ui-testing";
		};
/* End PBXNativeTarget section */

/* Begin PBXProject section */
		9B0BFFDD1D0460A70040E62B /* Project object */ = {
			isa = PBXProject;
			attributes = {
				LastSwiftUpdateCheck = 0730;
				LastUpgradeCheck = 0730;
				ORGANIZATIONNAME = qiuyuzhou;
				TargetAttributes = {
					9B0BFFE41D0460A70040E62B = {
						CreatedOnToolsVersion = 7.3.1;
					};
					9B0BFFF31D0460A70040E62B = {
						CreatedOnToolsVersion = 7.3.1;
						TestTargetID = 9B0BFFE41D0460A70040E62B;
					};
					9B0BFFFE1D0460A70040E62B = {
						CreatedOnToolsVersion = 7.3.1;
						TestTargetID = 9B0BFFE41D0460A70040E62B;
					};
				};
			};
			buildConfigurationList = 9B0BFFE01D0460A70040E62B /* Build configuration list for PBXProject "ShadowsocksX-NG" */;
			compatibilityVersion = "Xcode 3.2";
			developmentRegion = English;
			hasScannedForEncodings = 0;
			knownRegions = (
				en,
				Base,
			);
			mainGroup = 9B0BFFDC1D0460A70040E62B;
			productRefGroup = 9B0BFFE61D0460A70040E62B /* Products */;
			projectDirPath = "";
			projectRoot = "";
			targets = (
				9B0BFFE41D0460A70040E62B /* ShadowsocksX-NG */,
				9B0BFFF31D0460A70040E62B /* ShadowsocksX-NGTests */,
				9B0BFFFE1D0460A70040E62B /* ShadowsocksX-NGUITests */,
			);
		};
/* End PBXProject section */

/* Begin PBXResourcesBuildPhase section */
		9B0BFFE31D0460A70040E62B /* Resources */ = {
			isa = PBXResourcesBuildPhase;
			buildActionMask = 2147483647;
			files = (
				9B0BFFEB1D0460A70040E62B /* Assets.xcassets in Resources */,
				9B0BFFEE1D0460A70040E62B /* MainMenu.xib in Resources */,
			);
			runOnlyForDeploymentPostprocessing = 0;
		};
		9B0BFFF21D0460A70040E62B /* Resources */ = {
			isa = PBXResourcesBuildPhase;
			buildActionMask = 2147483647;
			files = (
			);
			runOnlyForDeploymentPostprocessing = 0;
		};
		9B0BFFFD1D0460A70040E62B /* Resources */ = {
			isa = PBXResourcesBuildPhase;
			buildActionMask = 2147483647;
			files = (
			);
			runOnlyForDeploymentPostprocessing = 0;
		};
/* End PBXResourcesBuildPhase section */

/* Begin PBXShellScriptBuildPhase section */
		137D62266340C8851C4A2D14 /* 📦 Check Pods Manifest.lock */ = {
			isa = PBXShellScriptBuildPhase;
			buildActionMask = 2147483647;
			files = (
			);
			inputPaths = (
			);
			name = "📦 Check Pods Manifest.lock";
			outputPaths = (
			);
			runOnlyForDeploymentPostprocessing = 0;
			shellPath = /bin/sh;
			shellScript = "diff \"${PODS_ROOT}/../Podfile.lock\" \"${PODS_ROOT}/Manifest.lock\" > /dev/null\nif [[ $? != 0 ]] ; then\n    cat << EOM\nerror: The sandbox is not in sync with the Podfile.lock. Run 'pod install' or update your CocoaPods installation.\nEOM\n    exit 1\nfi\n";
			showEnvVarsInLog = 0;
		};
		28EF4B983817531185324389 /* 📦 Copy Pods Resources */ = {
			isa = PBXShellScriptBuildPhase;
			buildActionMask = 2147483647;
			files = (
			);
			inputPaths = (
			);
			name = "📦 Copy Pods Resources";
			outputPaths = (
			);
			runOnlyForDeploymentPostprocessing = 0;
			shellPath = /bin/sh;
			shellScript = "\"${SRCROOT}/Pods/Target Support Files/Pods-ShadowsocksX-NGTests/Pods-ShadowsocksX-NGTests-resources.sh\"\n";
			showEnvVarsInLog = 0;
		};
		3F447C40281F7091F03306F5 /* 📦 Embed Pods Frameworks */ = {
			isa = PBXShellScriptBuildPhase;
			buildActionMask = 2147483647;
			files = (
			);
			inputPaths = (
			);
			name = "📦 Embed Pods Frameworks";
			outputPaths = (
			);
			runOnlyForDeploymentPostprocessing = 0;
			shellPath = /bin/sh;
			shellScript = "\"${SRCROOT}/Pods/Target Support Files/Pods-ShadowsocksX-NGTests/Pods-ShadowsocksX-NGTests-frameworks.sh\"\n";
			showEnvVarsInLog = 0;
		};
		472AAADF26782765A34D8BB9 /* 📦 Check Pods Manifest.lock */ = {
			isa = PBXShellScriptBuildPhase;
			buildActionMask = 2147483647;
			files = (
			);
			inputPaths = (
			);
			name = "📦 Check Pods Manifest.lock";
			outputPaths = (
			);
			runOnlyForDeploymentPostprocessing = 0;
			shellPath = /bin/sh;
			shellScript = "diff \"${PODS_ROOT}/../Podfile.lock\" \"${PODS_ROOT}/Manifest.lock\" > /dev/null\nif [[ $? != 0 ]] ; then\n    cat << EOM\nerror: The sandbox is not in sync with the Podfile.lock. Run 'pod install' or update your CocoaPods installation.\nEOM\n    exit 1\nfi\n";
			showEnvVarsInLog = 0;
		};
		7FF4F2DF8F8F824631D7167F /* 📦 Embed Pods Frameworks */ = {
			isa = PBXShellScriptBuildPhase;
			buildActionMask = 2147483647;
			files = (
			);
			inputPaths = (
			);
			name = "📦 Embed Pods Frameworks";
			outputPaths = (
			);
			runOnlyForDeploymentPostprocessing = 0;
			shellPath = /bin/sh;
			shellScript = "\"${SRCROOT}/Pods/Target Support Files/Pods-ShadowsocksX-NG/Pods-ShadowsocksX-NG-frameworks.sh\"\n";
			showEnvVarsInLog = 0;
		};
		9D7107D6D9CED119F37AB1B4 /* 📦 Copy Pods Resources */ = {
			isa = PBXShellScriptBuildPhase;
			buildActionMask = 2147483647;
			files = (
			);
			inputPaths = (
			);
			name = "📦 Copy Pods Resources";
			outputPaths = (
			);
			runOnlyForDeploymentPostprocessing = 0;
			shellPath = /bin/sh;
			shellScript = "\"${SRCROOT}/Pods/Target Support Files/Pods-ShadowsocksX-NGUITests/Pods-ShadowsocksX-NGUITests-resources.sh\"\n";
			showEnvVarsInLog = 0;
		};
		A18AD12DD79B7211A43DCE2B /* 📦 Copy Pods Resources */ = {
			isa = PBXShellScriptBuildPhase;
			buildActionMask = 2147483647;
			files = (
			);
			inputPaths = (
			);
			name = "📦 Copy Pods Resources";
			outputPaths = (
			);
			runOnlyForDeploymentPostprocessing = 0;
			shellPath = /bin/sh;
			shellScript = "\"${SRCROOT}/Pods/Target Support Files/Pods-ShadowsocksX-NG/Pods-ShadowsocksX-NG-resources.sh\"\n";
			showEnvVarsInLog = 0;
		};
		D7E37B2F5C9A66B9C4DF253D /* 📦 Check Pods Manifest.lock */ = {
			isa = PBXShellScriptBuildPhase;
			buildActionMask = 2147483647;
			files = (
			);
			inputPaths = (
			);
			name = "📦 Check Pods Manifest.lock";
			outputPaths = (
			);
			runOnlyForDeploymentPostprocessing = 0;
			shellPath = /bin/sh;
			shellScript = "diff \"${PODS_ROOT}/../Podfile.lock\" \"${PODS_ROOT}/Manifest.lock\" > /dev/null\nif [[ $? != 0 ]] ; then\n    cat << EOM\nerror: The sandbox is not in sync with the Podfile.lock. Run 'pod install' or update your CocoaPods installation.\nEOM\n    exit 1\nfi\n";
			showEnvVarsInLog = 0;
		};
/* End PBXShellScriptBuildPhase section */

/* Begin PBXSourcesBuildPhase section */
		9B0BFFE11D0460A70040E62B /* Sources */ = {
			isa = PBXSourcesBuildPhase;
			buildActionMask = 2147483647;
			files = (
				9B0BFFE91D0460A70040E62B /* AppDelegate.swift in Sources */,
			);
			runOnlyForDeploymentPostprocessing = 0;
		};
		9B0BFFF01D0460A70040E62B /* Sources */ = {
			isa = PBXSourcesBuildPhase;
			buildActionMask = 2147483647;
			files = (
				9B0BFFF91D0460A70040E62B /* ShadowsocksX_NGTests.swift in Sources */,
			);
			runOnlyForDeploymentPostprocessing = 0;
		};
		9B0BFFFB1D0460A70040E62B /* Sources */ = {
			isa = PBXSourcesBuildPhase;
			buildActionMask = 2147483647;
			files = (
				9B0B00041D0460A70040E62B /* ShadowsocksX_NGUITests.swift in Sources */,
			);
			runOnlyForDeploymentPostprocessing = 0;
		};
/* End PBXSourcesBuildPhase section */

/* Begin PBXTargetDependency section */
		9B0B00011D0460A70040E62B /* PBXTargetDependency */ = {
			isa = PBXTargetDependency;
			target = 9B0BFFE41D0460A70040E62B /* ShadowsocksX-NG */;
			targetProxy = 9B0B00001D0460A70040E62B /* PBXContainerItemProxy */;
		};
		9B0BFFF61D0460A70040E62B /* PBXTargetDependency */ = {
			isa = PBXTargetDependency;
			target = 9B0BFFE41D0460A70040E62B /* ShadowsocksX-NG */;
			targetProxy = 9B0BFFF51D0460A70040E62B /* PBXContainerItemProxy */;
		};
/* End PBXTargetDependency section */

/* Begin PBXVariantGroup section */
		9B0BFFEC1D0460A70040E62B /* MainMenu.xib */ = {
			isa = PBXVariantGroup;
			children = (
				9B0BFFED1D0460A70040E62B /* Base */,
			);
			name = MainMenu.xib;
			sourceTree = "<group>";
		};
/* End PBXVariantGroup section */

/* Begin XCBuildConfiguration section */
		9B0B00061D0460A70040E62B /* Debug */ = {
			isa = XCBuildConfiguration;
			buildSettings = {
				ALWAYS_SEARCH_USER_PATHS = NO;
				CLANG_ANALYZER_NONNULL = YES;
				CLANG_CXX_LANGUAGE_STANDARD = "gnu++0x";
				CLANG_CXX_LIBRARY = "libc++";
				CLANG_ENABLE_MODULES = YES;
				CLANG_ENABLE_OBJC_ARC = YES;
				CLANG_WARN_BOOL_CONVERSION = YES;
				CLANG_WARN_CONSTANT_CONVERSION = YES;
				CLANG_WARN_DIRECT_OBJC_ISA_USAGE = YES_ERROR;
				CLANG_WARN_EMPTY_BODY = YES;
				CLANG_WARN_ENUM_CONVERSION = YES;
				CLANG_WARN_INT_CONVERSION = YES;
				CLANG_WARN_OBJC_ROOT_CLASS = YES_ERROR;
				CLANG_WARN_UNREACHABLE_CODE = YES;
				CLANG_WARN__DUPLICATE_METHOD_MATCH = YES;
				CODE_SIGN_IDENTITY = "-";
				COPY_PHASE_STRIP = NO;
				DEBUG_INFORMATION_FORMAT = dwarf;
				ENABLE_STRICT_OBJC_MSGSEND = YES;
				ENABLE_TESTABILITY = YES;
				GCC_C_LANGUAGE_STANDARD = gnu99;
				GCC_DYNAMIC_NO_PIC = NO;
				GCC_NO_COMMON_BLOCKS = YES;
				GCC_OPTIMIZATION_LEVEL = 0;
				GCC_PREPROCESSOR_DEFINITIONS = (
					"DEBUG=1",
					"$(inherited)",
				);
				GCC_WARN_64_TO_32_BIT_CONVERSION = YES;
				GCC_WARN_ABOUT_RETURN_TYPE = YES_ERROR;
				GCC_WARN_UNDECLARED_SELECTOR = YES;
				GCC_WARN_UNINITIALIZED_AUTOS = YES_AGGRESSIVE;
				GCC_WARN_UNUSED_FUNCTION = YES;
				GCC_WARN_UNUSED_VARIABLE = YES;
				MACOSX_DEPLOYMENT_TARGET = 10.11;
				MTL_ENABLE_DEBUG_INFO = YES;
				ONLY_ACTIVE_ARCH = YES;
				SDKROOT = macosx;
				SWIFT_OPTIMIZATION_LEVEL = "-Onone";
			};
			name = Debug;
		};
		9B0B00071D0460A70040E62B /* Release */ = {
			isa = XCBuildConfiguration;
			buildSettings = {
				ALWAYS_SEARCH_USER_PATHS = NO;
				CLANG_ANALYZER_NONNULL = YES;
				CLANG_CXX_LANGUAGE_STANDARD = "gnu++0x";
				CLANG_CXX_LIBRARY = "libc++";
				CLANG_ENABLE_MODULES = YES;
				CLANG_ENABLE_OBJC_ARC = YES;
				CLANG_WARN_BOOL_CONVERSION = YES;
				CLANG_WARN_CONSTANT_CONVERSION = YES;
				CLANG_WARN_DIRECT_OBJC_ISA_USAGE = YES_ERROR;
				CLANG_WARN_EMPTY_BODY = YES;
				CLANG_WARN_ENUM_CONVERSION = YES;
				CLANG_WARN_INT_CONVERSION = YES;
				CLANG_WARN_OBJC_ROOT_CLASS = YES_ERROR;
				CLANG_WARN_UNREACHABLE_CODE = YES;
				CLANG_WARN__DUPLICATE_METHOD_MATCH = YES;
				CODE_SIGN_IDENTITY = "-";
				COPY_PHASE_STRIP = NO;
				DEBUG_INFORMATION_FORMAT = "dwarf-with-dsym";
				ENABLE_NS_ASSERTIONS = NO;
				ENABLE_STRICT_OBJC_MSGSEND = YES;
				GCC_C_LANGUAGE_STANDARD = gnu99;
				GCC_NO_COMMON_BLOCKS = YES;
				GCC_WARN_64_TO_32_BIT_CONVERSION = YES;
				GCC_WARN_ABOUT_RETURN_TYPE = YES_ERROR;
				GCC_WARN_UNDECLARED_SELECTOR = YES;
				GCC_WARN_UNINITIALIZED_AUTOS = YES_AGGRESSIVE;
				GCC_WARN_UNUSED_FUNCTION = YES;
				GCC_WARN_UNUSED_VARIABLE = YES;
				MACOSX_DEPLOYMENT_TARGET = 10.11;
				MTL_ENABLE_DEBUG_INFO = NO;
				SDKROOT = macosx;
			};
			name = Release;
		};
		9B0B00091D0460A70040E62B /* Debug */ = {
			isa = XCBuildConfiguration;
			baseConfigurationReference = 8D7030FC9F7CF176483A4948 /* Pods-ShadowsocksX-NG.debug.xcconfig */;
			buildSettings = {
				ASSETCATALOG_COMPILER_APPICON_NAME = AppIcon;
				COMBINE_HIDPI_IMAGES = YES;
				INFOPLIST_FILE = "ShadowsocksX-NG/Info.plist";
				LD_RUNPATH_SEARCH_PATHS = "$(inherited) @executable_path/../Frameworks";
				PRODUCT_BUNDLE_IDENTIFIER = "com.qiuyuzhou.ShadowsocksX-NG";
				PRODUCT_NAME = "$(TARGET_NAME)";
			};
			name = Debug;
		};
		9B0B000A1D0460A70040E62B /* Release */ = {
			isa = XCBuildConfiguration;
			baseConfigurationReference = D6F9D25AB11B3CD45B042C27 /* Pods-ShadowsocksX-NG.release.xcconfig */;
			buildSettings = {
				ASSETCATALOG_COMPILER_APPICON_NAME = AppIcon;
				COMBINE_HIDPI_IMAGES = YES;
				INFOPLIST_FILE = "ShadowsocksX-NG/Info.plist";
				LD_RUNPATH_SEARCH_PATHS = "$(inherited) @executable_path/../Frameworks";
				PRODUCT_BUNDLE_IDENTIFIER = "com.qiuyuzhou.ShadowsocksX-NG";
				PRODUCT_NAME = "$(TARGET_NAME)";
			};
			name = Release;
		};
		9B0B000C1D0460A70040E62B /* Debug */ = {
			isa = XCBuildConfiguration;
			baseConfigurationReference = 4F6E39487290937F86D0D9E7 /* Pods-ShadowsocksX-NGTests.debug.xcconfig */;
			buildSettings = {
				BUNDLE_LOADER = "$(TEST_HOST)";
				COMBINE_HIDPI_IMAGES = YES;
				INFOPLIST_FILE = "ShadowsocksX-NGTests/Info.plist";
				LD_RUNPATH_SEARCH_PATHS = "$(inherited) @executable_path/../Frameworks @loader_path/../Frameworks";
				PRODUCT_BUNDLE_IDENTIFIER = "com.qiuyuzhou.ShadowsocksX-NGTests";
				PRODUCT_NAME = "$(TARGET_NAME)";
				TEST_HOST = "$(BUILT_PRODUCTS_DIR)/ShadowsocksX-NG.app/Contents/MacOS/ShadowsocksX-NG";
			};
			name = Debug;
		};
		9B0B000D1D0460A70040E62B /* Release */ = {
			isa = XCBuildConfiguration;
			baseConfigurationReference = 7B55216AFB1360F8A3350851 /* Pods-ShadowsocksX-NGTests.release.xcconfig */;
			buildSettings = {
				BUNDLE_LOADER = "$(TEST_HOST)";
				COMBINE_HIDPI_IMAGES = YES;
				INFOPLIST_FILE = "ShadowsocksX-NGTests/Info.plist";
				LD_RUNPATH_SEARCH_PATHS = "$(inherited) @executable_path/../Frameworks @loader_path/../Frameworks";
				PRODUCT_BUNDLE_IDENTIFIER = "com.qiuyuzhou.ShadowsocksX-NGTests";
				PRODUCT_NAME = "$(TARGET_NAME)";
				TEST_HOST = "$(BUILT_PRODUCTS_DIR)/ShadowsocksX-NG.app/Contents/MacOS/ShadowsocksX-NG";
			};
			name = Release;
		};
		9B0B000F1D0460A70040E62B /* Debug */ = {
			isa = XCBuildConfiguration;
			baseConfigurationReference = 49F0921F7C43C63C42269DE5 /* Pods-ShadowsocksX-NGUITests.debug.xcconfig */;
			buildSettings = {
				COMBINE_HIDPI_IMAGES = YES;
				INFOPLIST_FILE = "ShadowsocksX-NGUITests/Info.plist";
				LD_RUNPATH_SEARCH_PATHS = "$(inherited) @executable_path/../Frameworks @loader_path/../Frameworks";
				PRODUCT_BUNDLE_IDENTIFIER = "com.qiuyuzhou.ShadowsocksX-NGUITests";
				PRODUCT_NAME = "$(TARGET_NAME)";
				TEST_TARGET_NAME = "ShadowsocksX-NG";
			};
			name = Debug;
		};
		9B0B00101D0460A70040E62B /* Release */ = {
			isa = XCBuildConfiguration;
			baseConfigurationReference = F3CE0E3A139CAFC84CD294DB /* Pods-ShadowsocksX-NGUITests.release.xcconfig */;
			buildSettings = {
				COMBINE_HIDPI_IMAGES = YES;
				INFOPLIST_FILE = "ShadowsocksX-NGUITests/Info.plist";
				LD_RUNPATH_SEARCH_PATHS = "$(inherited) @executable_path/../Frameworks @loader_path/../Frameworks";
				PRODUCT_BUNDLE_IDENTIFIER = "com.qiuyuzhou.ShadowsocksX-NGUITests";
				PRODUCT_NAME = "$(TARGET_NAME)";
				TEST_TARGET_NAME = "ShadowsocksX-NG";
			};
			name = Release;
		};
/* End XCBuildConfiguration section */

/* Begin XCConfigurationList section */
		9B0B00081D0460A70040E62B /* Build configuration list for PBXNativeTarget "ShadowsocksX-NG" */ = {
			isa = XCConfigurationList;
			buildConfigurations = (
				9B0B00091D0460A70040E62B /* Debug */,
				9B0B000A1D0460A70040E62B /* Release */,
			);
			defaultConfigurationIsVisible = 0;
			defaultConfigurationName = Release;
		};
		9B0B000B1D0460A70040E62B /* Build configuration list for PBXNativeTarget "ShadowsocksX-NGTests" */ = {
			isa = XCConfigurationList;
			buildConfigurations = (
				9B0B000C1D0460A70040E62B /* Debug */,
				9B0B000D1D0460A70040E62B /* Release */,
			);
			defaultConfigurationIsVisible = 0;
			defaultConfigurationName = Release;
		};
		9B0B000E1D0460A70040E62B /* Build configuration list for PBXNativeTarget "ShadowsocksX-NGUITests" */ = {
			isa = XCConfigurationList;
			buildConfigurations = (
				9B0B000F1D0460A70040E62B /* Debug */,
				9B0B00101D0460A70040E62B /* Release */,
			);
			defaultConfigurationIsVisible = 0;
			defaultConfigurationName = Release;
		};
		9B0BFFE01D0460A70040E62B /* Build configuration list for PBXProject "ShadowsocksX-NG" */ = {
			isa = XCConfigurationList;
			buildConfigurations = (
				9B0B00061D0460A70040E62B /* Debug */,
				9B0B00071D0460A70040E62B /* Release */,
			);
			defaultConfigurationIsVisible = 0;
			defaultConfigurationName = Release;
		};
/* End XCConfigurationList section */
	};
	rootObject = 9B0BFFDD1D0460A70040E62B /* Project object */;
}
