PODS:
  - libev (4.15.0)
  - libsodium (1.0.3)
  - OpenSSL-Universal (1.0.1.l)

DEPENDENCIES:
  - libev (~> 4.15)
  - libsodium (~> 1.0.3)
  - OpenSSL-Universal (= 1.0.1.l)

SPEC CHECKSUMS:
  libev: 3d707424e53d6a4469fd5f1e5a35377f1ea97262
  libsodium: be547e31dc75725629acc5717dc0a40fc05ef243
  OpenSSL-Universal: eeb215fff0c6b65b6ba8f4262ef52d3baf2df2d7

PODFILE CHECKSUM: 740cbecf284e5ff58e902ee33577c1e544c907b9

COCOAPODS: 1.0.0
