PODS:
  - Alamofire (3.4.0)
  - BRLOptionParser (0.3.1)

DEPENDENCIES:
  - Alamofire (~> 3.4)
  - BRLOptionParser (~> 0.3.1)

SPEC CHECKSUMS:
  Alamofire: c19a627cefd6a95f840401c49ab1f124e07f54ee
  BRLOptionParser: a03256a8ff003ca1f5376c55f55f210e085a3958

PODFILE CHECKSUM: a76490e9ab2548c7b811762e2479c111c5c263b7

COCOAPODS: 1.0.0
