PODS:
  - Alamofire (4.2.0)
  - BRLOptionParser (0.3.1)
  - GCDWebServer (3.3.3):
    - GCDWebServer/Core (= 3.3.3)
  - GCDWebServer/Core (3.3.3)

DEPENDENCIES:
  - Alamofire (~> 4.2.0)
  - BRLOptionParser (~> 0.3.1)
  - GCDWebServer (~> 3.0)

SPEC CHECKSUMS:
  Alamofire: aa2e09d871c9160ac53c90e83c68064a94e3dfbe
  BRLOptionParser: a03256a8ff003ca1f5376c55f55f210e085a3958
  GCDWebServer: 1c39a1f0763e4eb492bee021e4270fce097d3555

PODFILE CHECKSUM: 8e98b2fb2d6be56882a44b2ff9241a800101e1d4

COCOAPODS: 1.1.1
