// !$*UTF8*$!
{
	archiveVersion = 1;
	classes = {
	};
	objectVersion = 46;
	objects = {

/* Begin PBXBuildFile section */
		9B6BF93F1E27B1F10061B9A7 /* AppDelegate.swift in Sources */ = {isa = PBXBuildFile; fileRef = 9B6BF93E1E27B1F10061B9A7 /* AppDelegate.swift */; };
		9B6BF9411E27B1F10061B9A7 /* Assets.xcassets in Resources */ = {isa = PBXBuildFile; fileRef = 9B6BF9401E27B1F10061B9A7 /* Assets.xcassets */; };
		9B6BF9441E27B1F10061B9A7 /* MainMenu.xib in Resources */ = {isa = PBXBuildFile; fileRef = 9B6BF9421E27B1F10061B9A7 /* MainMenu.xib */; };
/* End PBXBuildFile section */

/* Begin PBXFileReference section */
		9B6BF93B1E27B1F10061B9A7 /* LaunchHelper.app */ = {isa = PBXFileReference; explicitFileType = wrapper.application; includeInIndex = 0; path = LaunchHelper.app; sourceTree = BUILT_PRODUCTS_DIR; };
		9B6BF93E1E27B1F10061B9A7 /* AppDelegate.swift */ = {isa = PBXFileReference; lastKnownFileType = sourcecode.swift; path = AppDelegate.swift; sourceTree = "<group>"; };
		9B6BF9401E27B1F10061B9A7 /* Assets.xcassets */ = {isa = PBXFileReference; lastKnownFileType = folder.assetcatalog; path = Assets.xcassets; sourceTree = "<group>"; };
		9B6BF9431E27B1F10061B9A7 /* Base */ = {isa = PBXFileReference; lastKnownFileType = file.xib; name = Base; path = Base.lproj/MainMenu.xib; sourceTree = "<group>"; };
		9B6BF9451E27B1F10061B9A7 /* Info.plist */ = {isa = PBXFileReference; lastKnownFileType = text.plist.xml; path = Info.plist; sourceTree = "<group>"; };
/* End PBXFileReference section */

/* Begin PBXFrameworksBuildPhase section */
		9B6BF9381E27B1F10061B9A7 /* Frameworks */ = {
			isa = PBXFrameworksBuildPhase;
			buildActionMask = 2147483647;
			files = (
			);
			runOnlyForDeploymentPostprocessing = 0;
		};
/* End PBXFrameworksBuildPhase section */

/* Begin PBXGroup section */
		9B6BF9321E27B1F10061B9A7 = {
			isa = PBXGroup;
			children = (
				9B6BF93D1E27B1F10061B9A7 /* LaunchHelper */,
				9B6BF93C1E27B1F10061B9A7 /* Products */,
			);
			sourceTree = "<group>";
		};
		9B6BF93C1E27B1F10061B9A7 /* Products */ = {
			isa = PBXGroup;
			children = (
				9B6BF93B1E27B1F10061B9A7 /* LaunchHelper.app */,
			);
			name = Products;
			sourceTree = "<group>";
		};
		9B6BF93D1E27B1F10061B9A7 /* LaunchHelper */ = {
			isa = PBXGroup;
			children = (
				9B6BF93E1E27B1F10061B9A7 /* AppDelegate.swift */,
				9B6BF9401E27B1F10061B9A7 /* Assets.xcassets */,
				9B6BF9421E27B1F10061B9A7 /* MainMenu.xib */,
				9B6BF9451E27B1F10061B9A7 /* Info.plist */,
			);
			path = LaunchHelper;
			sourceTree = "<group>";
		};
/* End PBXGroup section */

/* Begin PBXNativeTarget section */
		9B6BF93A1E27B1F10061B9A7 /* LaunchHelper */ = {
			isa = PBXNativeTarget;
			buildConfigurationList = 9B6BF9481E27B1F10061B9A7 /* Build configuration list for PBXNativeTarget "LaunchHelper" */;
			buildPhases = (
				9B6BF9371E27B1F10061B9A7 /* Sources */,
				9B6BF9381E27B1F10061B9A7 /* Frameworks */,
				9B6BF9391E27B1F10061B9A7 /* Resources */,
			);
			buildRules = (
			);
			dependencies = (
			);
			name = LaunchHelper;
			productName = LaunchHelper;
			productReference = 9B6BF93B1E27B1F10061B9A7 /* LaunchHelper.app */;
			productType = "com.apple.product-type.application";
		};
/* End PBXNativeTarget section */

/* Begin PBXProject section */
		9B6BF9331E27B1F10061B9A7 /* Project object */ = {
			isa = PBXProject;
			attributes = {
				LastSwiftUpdateCheck = 0820;
				LastUpgradeCheck = 0820;
				ORGANIZATIONNAME = qiuyuzhou;
				TargetAttributes = {
					9B6BF93A1E27B1F10061B9A7 = {
						CreatedOnToolsVersion = 8.2.1;
						DevelopmentTeam = S878RH3PA8;
						ProvisioningStyle = Automatic;
					};
				};
			};
			buildConfigurationList = 9B6BF9361E27B1F10061B9A7 /* Build configuration list for PBXProject "LaunchHelper" */;
			compatibilityVersion = "Xcode 3.2";
			developmentRegion = English;
			hasScannedForEncodings = 0;
			knownRegions = (
				en,
				Base,
			);
			mainGroup = 9B6BF9321E27B1F10061B9A7;
			productRefGroup = 9B6BF93C1E27B1F10061B9A7 /* Products */;
			projectDirPath = "";
			projectRoot = "";
			targets = (
				9B6BF93A1E27B1F10061B9A7 /* LaunchHelper */,
			);
		};
/* End PBXProject section */

/* Begin PBXResourcesBuildPhase section */
		9B6BF9391E27B1F10061B9A7 /* Resources */ = {
			isa = PBXResourcesBuildPhase;
			buildActionMask = 2147483647;
			files = (
				9B6BF9411E27B1F10061B9A7 /* Assets.xcassets in Resources */,
				9B6BF9441E27B1F10061B9A7 /* MainMenu.xib in Resources */,
			);
			runOnlyForDeploymentPostprocessing = 0;
		};
/* End PBXResourcesBuildPhase section */

/* Begin PBXSourcesBuildPhase section */
		9B6BF9371E27B1F10061B9A7 /* Sources */ = {
			isa = PBXSourcesBuildPhase;
			buildActionMask = 2147483647;
			files = (
				9B6BF93F1E27B1F10061B9A7 /* AppDelegate.swift in Sources */,
			);
			runOnlyForDeploymentPostprocessing = 0;
		};
/* End PBXSourcesBuildPhase section */

/* Begin PBXVariantGroup section */
		9B6BF9421E27B1F10061B9A7 /* MainMenu.xib */ = {
			isa = PBXVariantGroup;
			children = (
				9B6BF9431E27B1F10061B9A7 /* Base */,
			);
			name = MainMenu.xib;
			sourceTree = "<group>";
		};
/* End PBXVariantGroup section */

/* Begin XCBuildConfiguration section */
		9B6BF9461E27B1F10061B9A7 /* Debug */ = {
			isa = XCBuildConfiguration;
			buildSettings = {
				ALWAYS_SEARCH_USER_PATHS = NO;
				CLANG_ANALYZER_NONNULL = YES;
				CLANG_CXX_LANGUAGE_STANDARD = "gnu++0x";
				CLANG_CXX_LIBRARY = "libc++";
				CLANG_ENABLE_MODULES = YES;
				CLANG_ENABLE_OBJC_ARC = YES;
				CLANG_WARN_BOOL_CONVERSION = YES;
				CLANG_WARN_CONSTANT_CONVERSION = YES;
				CLANG_WARN_DIRECT_OBJC_ISA_USAGE = YES_ERROR;
				CLANG_WARN_DOCUMENTATION_COMMENTS = YES;
				CLANG_WARN_EMPTY_BODY = YES;
				CLANG_WARN_ENUM_CONVERSION = YES;
				CLANG_WARN_INFINITE_RECURSION = YES;
				CLANG_WARN_INT_CONVERSION = YES;
				CLANG_WARN_OBJC_ROOT_CLASS = YES_ERROR;
				CLANG_WARN_SUSPICIOUS_MOVE = YES;
				CLANG_WARN_UNREACHABLE_CODE = YES;
				CLANG_WARN__DUPLICATE_METHOD_MATCH = YES;
				CODE_SIGN_IDENTITY = "-";
				COPY_PHASE_STRIP = NO;
				DEBUG_INFORMATION_FORMAT = dwarf;
				ENABLE_STRICT_OBJC_MSGSEND = YES;
				ENABLE_TESTABILITY = YES;
				GCC_C_LANGUAGE_STANDARD = gnu99;
				GCC_DYNAMIC_NO_PIC = NO;
				GCC_NO_COMMON_BLOCKS = YES;
				GCC_OPTIMIZATION_LEVEL = 0;
				GCC_PREPROCESSOR_DEFINITIONS = (
					"DEBUG=1",
					"$(inherited)",
				);
				GCC_WARN_64_TO_32_BIT_CONVERSION = YES;
				GCC_WARN_ABOUT_RETURN_TYPE = YES_ERROR;
				GCC_WARN_UNDECLARED_SELECTOR = YES;
				GCC_WARN_UNINITIALIZED_AUTOS = YES_AGGRESSIVE;
				GCC_WARN_UNUSED_FUNCTION = YES;
				GCC_WARN_UNUSED_VARIABLE = YES;
				MACOSX_DEPLOYMENT_TARGET = 10.12;
				MTL_ENABLE_DEBUG_INFO = YES;
				ONLY_ACTIVE_ARCH = YES;
				SDKROOT = macosx;
				SWIFT_ACTIVE_COMPILATION_CONDITIONS = DEBUG;
				SWIFT_OPTIMIZATION_LEVEL = "-Onone";
			};
			name = Debug;
		};
		9B6BF9471E27B1F10061B9A7 /* Release */ = {
			isa = XCBuildConfiguration;
			buildSettings = {
				ALWAYS_SEARCH_USER_PATHS = NO;
				CLANG_ANALYZER_NONNULL = YES;
				CLANG_CXX_LANGUAGE_STANDARD = "gnu++0x";
				CLANG_CXX_LIBRARY = "libc++";
				CLANG_ENABLE_MODULES = YES;
				CLANG_ENABLE_OBJC_ARC = YES;
				CLANG_WARN_BOOL_CONVERSION = YES;
				CLANG_WARN_CONSTANT_CONVERSION = YES;
				CLANG_WARN_DIRECT_OBJC_ISA_USAGE = YES_ERROR;
				CLANG_WARN_DOCUMENTATION_COMMENTS = YES;
				CLANG_WARN_EMPTY_BODY = YES;
				CLANG_WARN_ENUM_CONVERSION = YES;
				CLANG_WARN_INFINITE_RECURSION = YES;
				CLANG_WARN_INT_CONVERSION = YES;
				CLANG_WARN_OBJC_ROOT_CLASS = YES_ERROR;
				CLANG_WARN_SUSPICIOUS_MOVE = YES;
				CLANG_WARN_UNREACHABLE_CODE = YES;
				CLANG_WARN__DUPLICATE_METHOD_MATCH = YES;
				CODE_SIGN_IDENTITY = "-";
				COPY_PHASE_STRIP = NO;
				DEBUG_INFORMATION_FORMAT = "dwarf-with-dsym";
				ENABLE_NS_ASSERTIONS = NO;
				ENABLE_STRICT_OBJC_MSGSEND = YES;
				GCC_C_LANGUAGE_STANDARD = gnu99;
				GCC_NO_COMMON_BLOCKS = YES;
				GCC_WARN_64_TO_32_BIT_CONVERSION = YES;
				GCC_WARN_ABOUT_RETURN_TYPE = YES_ERROR;
				GCC_WARN_UNDECLARED_SELECTOR = YES;
				GCC_WARN_UNINITIALIZED_AUTOS = YES_AGGRESSIVE;
				GCC_WARN_UNUSED_FUNCTION = YES;
				GCC_WARN_UNUSED_VARIABLE = YES;
				MACOSX_DEPLOYMENT_TARGET = 10.12;
				MTL_ENABLE_DEBUG_INFO = NO;
				SDKROOT = macosx;
				SWIFT_OPTIMIZATION_LEVEL = "-Owholemodule";
			};
			name = Release;
		};
		9B6BF9491E27B1F10061B9A7 /* Debug */ = {
			isa = XCBuildConfiguration;
			buildSettings = {
				ASSETCATALOG_COMPILER_APPICON_NAME = AppIcon;
				COMBINE_HIDPI_IMAGES = YES;
				DEVELOPMENT_TEAM = S878RH3PA8;
				INFOPLIST_FILE = LaunchHelper/Info.plist;
				LD_RUNPATH_SEARCH_PATHS = "$(inherited) @executable_path/../Frameworks";
				PRODUCT_BUNDLE_IDENTIFIER = "com.qiuyuzhou.ShadowsocksX-NG.LaunchHelper";
				PRODUCT_NAME = "$(TARGET_NAME)";
				SKIP_INSTALL = YES;
				SWIFT_VERSION = 3.0;
			};
			name = Debug;
		};
		9B6BF94A1E27B1F10061B9A7 /* Release */ = {
			isa = XCBuildConfiguration;
			buildSettings = {
				ASSETCATALOG_COMPILER_APPICON_NAME = AppIcon;
				COMBINE_HIDPI_IMAGES = YES;
				DEVELOPMENT_TEAM = S878RH3PA8;
				INFOPLIST_FILE = LaunchHelper/Info.plist;
				LD_RUNPATH_SEARCH_PATHS = "$(inherited) @executable_path/../Frameworks";
				PRODUCT_BUNDLE_IDENTIFIER = "com.qiuyuzhou.ShadowsocksX-NG.LaunchHelper";
				PRODUCT_NAME = "$(TARGET_NAME)";
				SKIP_INSTALL = YES;
				SWIFT_VERSION = 3.0;
			};
			name = Release;
		};
/* End XCBuildConfiguration section */

/* Begin XCConfigurationList section */
		9B6BF9361E27B1F10061B9A7 /* Build configuration list for PBXProject "LaunchHelper" */ = {
			isa = XCConfigurationList;
			buildConfigurations = (
				9B6BF9461E27B1F10061B9A7 /* Debug */,
				9B6BF9471E27B1F10061B9A7 /* Release */,
			);
			defaultConfigurationIsVisible = 0;
			defaultConfigurationName = Release;
		};
		9B6BF9481E27B1F10061B9A7 /* Build configuration list for PBXNativeTarget "LaunchHelper" */ = {
			isa = XCConfigurationList;
			buildConfigurations = (
				9B6BF9491E27B1F10061B9A7 /* Debug */,
				9B6BF94A1E27B1F10061B9A7 /* Release */,
			);
			defaultConfigurationIsVisible = 0;
			defaultConfigurationName = Release;
		};
/* End XCConfigurationList section */
	};
	rootObject = 9B6BF9331E27B1F10061B9A7 /* Project object */;
}
